// !$*UTF8*$!
{
	archiveVersion = 1;
	classes = {
	};
	objectVersion = 56;
	objects = {

/* Begin PBXBuildFile section */
		2868A7BAC446EE55D1F773A2 /* Pods_PostsProject.framework in Frameworks */ = {isa = PBXBuildFile; fileRef = 40443579A311D82D0DA19166 /* Pods_PostsProject.framework */; };
		6833508C2AA1170F00A2DD96 /* AppDelegate.swift in Sources */ = {isa = PBXBuildFile; fileRef = 6833508B2AA1170F00A2DD96 /* AppDelegate.swift */; };
		6833508E2AA1170F00A2DD96 /* SceneDelegate.swift in Sources */ = {isa = PBXBuildFile; fileRef = 6833508D2AA1170F00A2DD96 /* SceneDelegate.swift */; };
		683350902AA1170F00A2DD96 /* MainViewController.swift in Sources */ = {isa = PBXBuildFile; fileRef = 6833508F2AA1170F00A2DD96 /* MainViewController.swift */; };
		683350932AA1170F00A2DD96 /* Main.storyboard in Resources */ = {isa = PBXBuildFile; fileRef = 683350912AA1170F00A2DD96 /* Main.storyboard */; };
		683350952AA1171000A2DD96 /* Assets.xcassets in Resources */ = {isa = PBXBuildFile; fileRef = 683350942AA1171000A2DD96 /* Assets.xcassets */; };
		683350982AA1171000A2DD96 /* LaunchScreen.storyboard in Resources */ = {isa = PBXBuildFile; fileRef = 683350962AA1171000A2DD96 /* LaunchScreen.storyboard */; };
		683350A42AA1B4C300A2DD96 /* DetailsViewController.swift in Sources */ = {isa = PBXBuildFile; fileRef = 683350A32AA1B4C300A2DD96 /* DetailsViewController.swift */; };
		683350A72AA1BB0100A2DD96 /* DataOfPosts.swift in Sources */ = {isa = PBXBuildFile; fileRef = 683350A52AA1BB0100A2DD96 /* DataOfPosts.swift */; };
		683350A82AA1BB0100A2DD96 /* Posts.swift in Sources */ = {isa = PBXBuildFile; fileRef = 683350A62AA1BB0100A2DD96 /* Posts.swift */; };
		683350C32AA3B7AA00A2DD96 /* SettingsPostsTableViewCell.swift in Sources */ = {isa = PBXBuildFile; fileRef = 683350C12AA3B7AA00A2DD96 /* SettingsPostsTableViewCell.swift */; };
		683350C42AA3B7AA00A2DD96 /* SettingsPostsTableViewCell.xib in Resources */ = {isa = PBXBuildFile; fileRef = 683350C22AA3B7AA00A2DD96 /* SettingsPostsTableViewCell.xib */; };
		683350C62AA3BB4300A2DD96 /* RegisterCell.swift in Sources */ = {isa = PBXBuildFile; fileRef = 683350C52AA3BB4300A2DD96 /* RegisterCell.swift */; };
		683350C82AA3E2B900A2DD96 /* ResponseDataPosts.swift in Sources */ = {isa = PBXBuildFile; fileRef = 683350C72AA3E2B900A2DD96 /* ResponseDataPosts.swift */; };
		683350DB2AA7043E00A2DD96 /* ModelsOfDetails.swift in Sources */ = {isa = PBXBuildFile; fileRef = 683350DA2AA7043E00A2DD96 /* ModelsOfDetails.swift */; };
/* End PBXBuildFile section */

/* Begin PBXFileReference section */
		38CAC4C58FC4309598BA2A83 /* Pods-PostsProject.debug.xcconfig */ = {isa = PBXFileReference; includeInIndex = 1; lastKnownFileType = text.xcconfig; name = "Pods-PostsProject.debug.xcconfig"; path = "Target Support Files/Pods-PostsProject/Pods-PostsProject.debug.xcconfig"; sourceTree = "<group>"; };
		40443579A311D82D0DA19166 /* Pods_PostsProject.framework */ = {isa = PBXFileReference; explicitFileType = wrapper.framework; includeInIndex = 0; path = Pods_PostsProject.framework; sourceTree = BUILT_PRODUCTS_DIR; };
		683350882AA1170F00A2DD96 /* PostsProject.app */ = {isa = PBXFileReference; explicitFileType = wrapper.application; includeInIndex = 0; path = PostsProject.app; sourceTree = BUILT_PRODUCTS_DIR; };
		6833508B2AA1170F00A2DD96 /* AppDelegate.swift */ = {isa = PBXFileReference; lastKnownFileType = sourcecode.swift; path = AppDelegate.swift; sourceTree = "<group>"; };
		6833508D2AA1170F00A2DD96 /* SceneDelegate.swift */ = {isa = PBXFileReference; lastKnownFileType = sourcecode.swift; path = SceneDelegate.swift; sourceTree = "<group>"; };
		6833508F2AA1170F00A2DD96 /* MainViewController.swift */ = {isa = PBXFileReference; lastKnownFileType = sourcecode.swift; path = MainViewController.swift; sourceTree = "<group>"; };
		683350922AA1170F00A2DD96 /* Base */ = {isa = PBXFileReference; lastKnownFileType = file.storyboard; name = Base; path = Base.lproj/Main.storyboard; sourceTree = "<group>"; };
		683350942AA1171000A2DD96 /* Assets.xcassets */ = {isa = PBXFileReference; lastKnownFileType = folder.assetcatalog; path = Assets.xcassets; sourceTree = "<group>"; };
		683350972AA1171000A2DD96 /* Base */ = {isa = PBXFileReference; lastKnownFileType = file.storyboard; name = Base; path = Base.lproj/LaunchScreen.storyboard; sourceTree = "<group>"; };
		683350992AA1171000A2DD96 /* Info.plist */ = {isa = PBXFileReference; lastKnownFileType = text.plist.xml; path = Info.plist; sourceTree = "<group>"; };
		683350A32AA1B4C300A2DD96 /* DetailsViewController.swift */ = {isa = PBXFileReference; lastKnownFileType = sourcecode.swift; path = DetailsViewController.swift; sourceTree = "<group>"; };
		683350A52AA1BB0100A2DD96 /* DataOfPosts.swift */ = {isa = PBXFileReference; fileEncoding = 4; lastKnownFileType = sourcecode.swift; path = DataOfPosts.swift; sourceTree = "<group>"; };
		683350A62AA1BB0100A2DD96 /* Posts.swift */ = {isa = PBXFileReference; fileEncoding = 4; lastKnownFileType = sourcecode.swift; path = Posts.swift; sourceTree = "<group>"; };
		683350C12AA3B7AA00A2DD96 /* SettingsPostsTableViewCell.swift */ = {isa = PBXFileReference; lastKnownFileType = sourcecode.swift; path = SettingsPostsTableViewCell.swift; sourceTree = "<group>"; };
		683350C22AA3B7AA00A2DD96 /* SettingsPostsTableViewCell.xib */ = {isa = PBXFileReference; lastKnownFileType = file.xib; path = SettingsPostsTableViewCell.xib; sourceTree = "<group>"; };
		683350C52AA3BB4300A2DD96 /* RegisterCell.swift */ = {isa = PBXFileReference; lastKnownFileType = sourcecode.swift; path = RegisterCell.swift; sourceTree = "<group>"; };
		683350C72AA3E2B900A2DD96 /* ResponseDataPosts.swift */ = {isa = PBXFileReference; lastKnownFileType = sourcecode.swift; path = ResponseDataPosts.swift; sourceTree = "<group>"; };
		683350DA2AA7043E00A2DD96 /* ModelsOfDetails.swift */ = {isa = PBXFileReference; lastKnownFileType = sourcecode.swift; path = ModelsOfDetails.swift; sourceTree = "<group>"; };
		70848512294D11595E4CB433 /* Pods-PostsProject.release.xcconfig */ = {isa = PBXFileReference; includeInIndex = 1; lastKnownFileType = text.xcconfig; name = "Pods-PostsProject.release.xcconfig"; path = "Target Support Files/Pods-PostsProject/Pods-PostsProject.release.xcconfig"; sourceTree = "<group>"; };
/* End PBXFileReference section */

/* Begin PBXFrameworksBuildPhase section */
		683350852AA1170F00A2DD96 /* Frameworks */ = {
			isa = PBXFrameworksBuildPhase;
			buildActionMask = 2147483647;
			files = (
				2868A7BAC446EE55D1F773A2 /* Pods_PostsProject.framework in Frameworks */,
			);
			runOnlyForDeploymentPostprocessing = 0;
		};
/* End PBXFrameworksBuildPhase section */

/* Begin PBXGroup section */
		30B208319B56DCF71077B46B /* Pods */ = {
			isa = PBXGroup;
			children = (
				38CAC4C58FC4309598BA2A83 /* Pods-PostsProject.debug.xcconfig */,
				70848512294D11595E4CB433 /* Pods-PostsProject.release.xcconfig */,
			);
			path = Pods;
			sourceTree = "<group>";
		};
		6833507F2AA1170F00A2DD96 = {
			isa = PBXGroup;
			children = (
				6833508A2AA1170F00A2DD96 /* PostsProject */,
				683350892AA1170F00A2DD96 /* Products */,
				30B208319B56DCF71077B46B /* Pods */,
				ED75A0A2A30C7153206F7FE3 /* Frameworks */,
			);
			sourceTree = "<group>";
		};
		683350892AA1170F00A2DD96 /* Products */ = {
			isa = PBXGroup;
			children = (
				683350882AA1170F00A2DD96 /* PostsProject.app */,
			);
			name = Products;
			sourceTree = "<group>";
		};
		6833508A2AA1170F00A2DD96 /* PostsProject */ = {
			isa = PBXGroup;
			children = (
				683350C02AA39C2800A2DD96 /* MasterController */,
				683350BF2AA39C0800A2DD96 /* ModelsOfPosts */,
				683350BE2AA39BEC00A2DD96 /* DetailsController */,
				683350BD2AA39BA600A2DD96 /* SettingsCell */,
				6833508B2AA1170F00A2DD96 /* AppDelegate.swift */,
				6833508D2AA1170F00A2DD96 /* SceneDelegate.swift */,
				683350912AA1170F00A2DD96 /* Main.storyboard */,
				683350942AA1171000A2DD96 /* Assets.xcassets */,
				683350962AA1171000A2DD96 /* LaunchScreen.storyboard */,
				683350992AA1171000A2DD96 /* Info.plist */,
			);
			path = PostsProject;
			sourceTree = "<group>";
		};
		683350BD2AA39BA600A2DD96 /* SettingsCell */ = {
			isa = PBXGroup;
			children = (
				683350C12AA3B7AA00A2DD96 /* SettingsPostsTableViewCell.swift */,
				683350C22AA3B7AA00A2DD96 /* SettingsPostsTableViewCell.xib */,
			);
			path = SettingsCell;
			sourceTree = "<group>";
		};
		683350BE2AA39BEC00A2DD96 /* DetailsController */ = {
			isa = PBXGroup;
			children = (
				683350A32AA1B4C300A2DD96 /* DetailsViewController.swift */,
			);
			path = DetailsController;
			sourceTree = "<group>";
		};
		683350BF2AA39C0800A2DD96 /* ModelsOfPosts */ = {
			isa = PBXGroup;
			children = (
				683350A62AA1BB0100A2DD96 /* Posts.swift */,
				683350A52AA1BB0100A2DD96 /* DataOfPosts.swift */,
				683350DA2AA7043E00A2DD96 /* ModelsOfDetails.swift */,
			);
			name = ModelsOfPosts;
			sourceTree = "<group>";
		};
		683350C02AA39C2800A2DD96 /* MasterController */ = {
			isa = PBXGroup;
			children = (
				6833508F2AA1170F00A2DD96 /* MainViewController.swift */,
				683350C52AA3BB4300A2DD96 /* RegisterCell.swift */,
				683350C72AA3E2B900A2DD96 /* ResponseDataPosts.swift */,
			);
			path = MasterController;
			sourceTree = "<group>";
		};
		ED75A0A2A30C7153206F7FE3 /* Frameworks */ = {
			isa = PBXGroup;
			children = (
				40443579A311D82D0DA19166 /* Pods_PostsProject.framework */,
			);
			name = Frameworks;
			sourceTree = "<group>";
		};
/* End PBXGroup section */

/* Begin PBXNativeTarget section */
		683350872AA1170F00A2DD96 /* PostsProject */ = {
			isa = PBXNativeTarget;
			buildConfigurationList = 6833509C2AA1171000A2DD96 /* Build configuration list for PBXNativeTarget "PostsProject" */;
			buildPhases = (
				EC9709D2876FDF1C0DDCAA42 /* [CP] Check Pods Manifest.lock */,
				683350842AA1170F00A2DD96 /* Sources */,
				683350852AA1170F00A2DD96 /* Frameworks */,
				683350862AA1170F00A2DD96 /* Resources */,
				D59C4F07850D2275ABABD04B /* [CP] Embed Pods Frameworks */,
			);
			buildRules = (
			);
			dependencies = (
			);
			name = PostsProject;
			productName = PostsProject;
			productReference = 683350882AA1170F00A2DD96 /* PostsProject.app */;
			productType = "com.apple.product-type.application";
		};
/* End PBXNativeTarget section */

/* Begin PBXProject section */
		683350802AA1170F00A2DD96 /* Project object */ = {
			isa = PBXProject;
			attributes = {
				BuildIndependentTargetsInParallel = 1;
				LastSwiftUpdateCheck = 1430;
				LastUpgradeCheck = 1430;
				TargetAttributes = {
					683350872AA1170F00A2DD96 = {
						CreatedOnToolsVersion = 14.3.1;
					};
				};
			};
			buildConfigurationList = 683350832AA1170F00A2DD96 /* Build configuration list for PBXProject "PostsProject" */;
			compatibilityVersion = "Xcode 14.0";
			developmentRegion = en;
			hasScannedForEncodings = 0;
			knownRegions = (
				en,
				Base,
			);
			mainGroup = 6833507F2AA1170F00A2DD96;
			productRefGroup = 683350892AA1170F00A2DD96 /* Products */;
			projectDirPath = "";
			projectRoot = "";
			targets = (
				683350872AA1170F00A2DD96 /* PostsProject */,
			);
		};
/* End PBXProject section */

/* Begin PBXResourcesBuildPhase section */
		683350862AA1170F00A2DD96 /* Resources */ = {
			isa = PBXResourcesBuildPhase;
			buildActionMask = 2147483647;
			files = (
				683350C42AA3B7AA00A2DD96 /* SettingsPostsTableViewCell.xib in Resources */,
				683350982AA1171000A2DD96 /* LaunchScreen.storyboard in Resources */,
				683350952AA1171000A2DD96 /* Assets.xcassets in Resources */,
				683350932AA1170F00A2DD96 /* Main.storyboard in Resources */,
			);
			runOnlyForDeploymentPostprocessing = 0;
		};
/* End PBXResourcesBuildPhase section */

/* Begin PBXShellScriptBuildPhase section */
		D59C4F07850D2275ABABD04B /* [CP] Embed Pods Frameworks */ = {
			isa = PBXShellScriptBuildPhase;
			buildActionMask = 2147483647;
			files = (
			);
			inputFileListPaths = (
				"${PODS_ROOT}/Target Support Files/Pods-PostsProject/Pods-PostsProject-frameworks-${CONFIGURATION}-input-files.xcfilelist",
			);
			name = "[CP] Embed Pods Frameworks";
			outputFileListPaths = (
				"${PODS_ROOT}/Target Support Files/Pods-PostsProject/Pods-PostsProject-frameworks-${CONFIGURATION}-output-files.xcfilelist",
			);
			runOnlyForDeploymentPostprocessing = 0;
			shellPath = /bin/sh;
			shellScript = "\"${PODS_ROOT}/Target Support Files/Pods-PostsProject/Pods-PostsProject-frameworks.sh\"\n";
			showEnvVarsInLog = 0;
		};
		EC9709D2876FDF1C0DDCAA42 /* [CP] Check Pods Manifest.lock */ = {
			isa = PBXShellScriptBuildPhase;
			buildActionMask = 2147483647;
			files = (
			);
			inputFileListPaths = (
			);
			inputPaths = (
				"${PODS_PODFILE_DIR_PATH}/Podfile.lock",
				"${PODS_ROOT}/Manifest.lock",
			);
			name = "[CP] Check Pods Manifest.lock";
			outputFileListPaths = (
			);
			outputPaths = (
				"$(DERIVED_FILE_DIR)/Pods-PostsProject-checkManifestLockResult.txt",
			);
			runOnlyForDeploymentPostprocessing = 0;
			shellPath = /bin/sh;
			shellScript = "diff \"${PODS_PODFILE_DIR_PATH}/Podfile.lock\" \"${PODS_ROOT}/Manifest.lock\" > /dev/null\nif [ $? != 0 ] ; then\n    # print error to STDERR\n    echo \"error: The sandbox is not in sync with the Podfile.lock. Run 'pod install' or update your CocoaPods installation.\" >&2\n    exit 1\nfi\n# This output is used by Xcode 'outputs' to avoid re-running this script phase.\necho \"SUCCESS\" > \"${SCRIPT_OUTPUT_FILE_0}\"\n";
			showEnvVarsInLog = 0;
		};
/* End PBXShellScriptBuildPhase section */

/* Begin PBXSourcesBuildPhase section */
		683350842AA1170F00A2DD96 /* Sources */ = {
			isa = PBXSourcesBuildPhase;
			buildActionMask = 2147483647;
			files = (
				683350C32AA3B7AA00A2DD96 /* SettingsPostsTableViewCell.swift in Sources */,
				683350902AA1170F00A2DD96 /* MainViewController.swift in Sources */,
				683350A82AA1BB0100A2DD96 /* Posts.swift in Sources */,
				6833508C2AA1170F00A2DD96 /* AppDelegate.swift in Sources */,
				6833508E2AA1170F00A2DD96 /* SceneDelegate.swift in Sources */,
				683350A42AA1B4C300A2DD96 /* DetailsViewController.swift in Sources */,
				683350C62AA3BB4300A2DD96 /* RegisterCell.swift in Sources */,
				683350DB2AA7043E00A2DD96 /* ModelsOfDetails.swift in Sources */,
				683350A72AA1BB0100A2DD96 /* DataOfPosts.swift in Sources */,
				683350C82AA3E2B900A2DD96 /* ResponseDataPosts.swift in Sources */,
			);
			runOnlyForDeploymentPostprocessing = 0;
		};
/* End PBXSourcesBuildPhase section */

/* Begin PBXVariantGroup section */
		683350912AA1170F00A2DD96 /* Main.storyboard */ = {
			isa = PBXVariantGroup;
			children = (
				683350922AA1170F00A2DD96 /* Base */,
			);
			name = Main.storyboard;
			sourceTree = "<group>";
		};
		683350962AA1171000A2DD96 /* LaunchScreen.storyboard */ = {
			isa = PBXVariantGroup;
			children = (
				683350972AA1171000A2DD96 /* Base */,
			);
			name = LaunchScreen.storyboard;
			sourceTree = "<group>";
		};
/* End PBXVariantGroup section */

/* Begin XCBuildConfiguration section */
		6833509A2AA1171000A2DD96 /* Debug */ = {
			isa = XCBuildConfiguration;
			buildSettings = {
				ALWAYS_SEARCH_USER_PATHS = NO;
				CLANG_ANALYZER_NONNULL = YES;
				CLANG_ANALYZER_NUMBER_OBJECT_CONVERSION = YES_AGGRESSIVE;
				CLANG_CXX_LANGUAGE_STANDARD = "gnu++20";
				CLANG_ENABLE_MODULES = YES;
				CLANG_ENABLE_OBJC_ARC = YES;
				CLANG_ENABLE_OBJC_WEAK = YES;
				CLANG_WARN_BLOCK_CAPTURE_AUTORELEASING = YES;
				CLANG_WARN_BOOL_CONVERSION = YES;
				CLANG_WARN_COMMA = YES;
				CLANG_WARN_CONSTANT_CONVERSION = YES;
				CLANG_WARN_DEPRECATED_OBJC_IMPLEMENTATIONS = YES;
				CLANG_WARN_DIRECT_OBJC_ISA_USAGE = YES_ERROR;
				CLANG_WARN_DOCUMENTATION_COMMENTS = YES;
				CLANG_WARN_EMPTY_BODY = YES;
				CLANG_WARN_ENUM_CONVERSION = YES;
				CLANG_WARN_INFINITE_RECURSION = YES;
				CLANG_WARN_INT_CONVERSION = YES;
				CLANG_WARN_NON_LITERAL_NULL_CONVERSION = YES;
				CLANG_WARN_OBJC_IMPLICIT_RETAIN_SELF = YES;
				CLANG_WARN_OBJC_LITERAL_CONVERSION = YES;
				CLANG_WARN_OBJC_ROOT_CLASS = YES_ERROR;
				CLANG_WARN_QUOTED_INCLUDE_IN_FRAMEWORK_HEADER = YES;
				CLANG_WARN_RANGE_LOOP_ANALYSIS = YES;
				CLANG_WARN_STRICT_PROTOTYPES = YES;
				CLANG_WARN_SUSPICIOUS_MOVE = YES;
				CLANG_WARN_UNGUARDED_AVAILABILITY = YES_AGGRESSIVE;
				CLANG_WARN_UNREACHABLE_CODE = YES;
				CLANG_WARN__DUPLICATE_METHOD_MATCH = YES;
				COPY_PHASE_STRIP = NO;
				DEBUG_INFORMATION_FORMAT = dwarf;
				ENABLE_STRICT_OBJC_MSGSEND = YES;
				ENABLE_TESTABILITY = YES;
				GCC_C_LANGUAGE_STANDARD = gnu11;
				GCC_DYNAMIC_NO_PIC = NO;
				GCC_NO_COMMON_BLOCKS = YES;
				GCC_OPTIMIZATION_LEVEL = 0;
				GCC_PREPROCESSOR_DEFINITIONS = (
					"DEBUG=1",
					"$(inherited)",
				);
				GCC_WARN_64_TO_32_BIT_CONVERSION = YES;
				GCC_WARN_ABOUT_RETURN_TYPE = YES_ERROR;
				GCC_WARN_UNDECLARED_SELECTOR = YES;
				GCC_WARN_UNINITIALIZED_AUTOS = YES_AGGRESSIVE;
				GCC_WARN_UNUSED_FUNCTION = YES;
				GCC_WARN_UNUSED_VARIABLE = YES;
				IPHONEOS_DEPLOYMENT_TARGET = 16.4;
				MTL_ENABLE_DEBUG_INFO = INCLUDE_SOURCE;
				MTL_FAST_MATH = YES;
				ONLY_ACTIVE_ARCH = YES;
				SDKROOT = iphoneos;
				SWIFT_ACTIVE_COMPILATION_CONDITIONS = DEBUG;
				SWIFT_OPTIMIZATION_LEVEL = "-Onone";
			};
			name = Debug;
		};
		6833509B2AA1171000A2DD96 /* Release */ = {
			isa = XCBuildConfiguration;
			buildSettings = {
				ALWAYS_SEARCH_USER_PATHS = NO;
				CLANG_ANALYZER_NONNULL = YES;
				CLANG_ANALYZER_NUMBER_OBJECT_CONVERSION = YES_AGGRESSIVE;
				CLANG_CXX_LANGUAGE_STANDARD = "gnu++20";
				CLANG_ENABLE_MODULES = YES;
				CLANG_ENABLE_OBJC_ARC = YES;
				CLANG_ENABLE_OBJC_WEAK = YES;
				CLANG_WARN_BLOCK_CAPTURE_AUTORELEASING = YES;
				CLANG_WARN_BOOL_CONVERSION = YES;
				CLANG_WARN_COMMA = YES;
				CLANG_WARN_CONSTANT_CONVERSION = YES;
				CLANG_WARN_DEPRECATED_OBJC_IMPLEMENTATIONS = YES;
				CLANG_WARN_DIRECT_OBJC_ISA_USAGE = YES_ERROR;
				CLANG_WARN_DOCUMENTATION_COMMENTS = YES;
				CLANG_WARN_EMPTY_BODY = YES;
				CLANG_WARN_ENUM_CONVERSION = YES;
				CLANG_WARN_INFINITE_RECURSION = YES;
				CLANG_WARN_INT_CONVERSION = YES;
				CLANG_WARN_NON_LITERAL_NULL_CONVERSION = YES;
				CLANG_WARN_OBJC_IMPLICIT_RETAIN_SELF = YES;
				CLANG_WARN_OBJC_LITERAL_CONVERSION = YES;
				CLANG_WARN_OBJC_ROOT_CLASS = YES_ERROR;
				CLANG_WARN_QUOTED_INCLUDE_IN_FRAMEWORK_HEADER = YES;
				CLANG_WARN_RANGE_LOOP_ANALYSIS = YES;
				CLANG_WARN_STRICT_PROTOTYPES = YES;
				CLANG_WARN_SUSPICIOUS_MOVE = YES;
				CLANG_WARN_UNGUARDED_AVAILABILITY = YES_AGGRESSIVE;
				CLANG_WARN_UNREACHABLE_CODE = YES;
				CLANG_WARN__DUPLICATE_METHOD_MATCH = YES;
				COPY_PHASE_STRIP = NO;
				DEBUG_INFORMATION_FORMAT = "dwarf-with-dsym";
				ENABLE_NS_ASSERTIONS = NO;
				ENABLE_STRICT_OBJC_MSGSEND = YES;
				GCC_C_LANGUAGE_STANDARD = gnu11;
				GCC_NO_COMMON_BLOCKS = YES;
				GCC_WARN_64_TO_32_BIT_CONVERSION = YES;
				GCC_WARN_ABOUT_RETURN_TYPE = YES_ERROR;
				GCC_WARN_UNDECLARED_SELECTOR = YES;
				GCC_WARN_UNINITIALIZED_AUTOS = YES_AGGRESSIVE;
				GCC_WARN_UNUSED_FUNCTION = YES;
				GCC_WARN_UNUSED_VARIABLE = YES;
				IPHONEOS_DEPLOYMENT_TARGET = 16.4;
				MTL_ENABLE_DEBUG_INFO = NO;
				MTL_FAST_MATH = YES;
				SDKROOT = iphoneos;
				SWIFT_COMPILATION_MODE = wholemodule;
				SWIFT_OPTIMIZATION_LEVEL = "-O";
				VALIDATE_PRODUCT = YES;
			};
			name = Release;
		};
		6833509D2AA1171000A2DD96 /* Debug */ = {
			isa = XCBuildConfiguration;
			baseConfigurationReference = 38CAC4C58FC4309598BA2A83 /* Pods-PostsProject.debug.xcconfig */;
			buildSettings = {
				ASSETCATALOG_COMPILER_APPICON_NAME = AppIcon;
				ASSETCATALOG_COMPILER_GLOBAL_ACCENT_COLOR_NAME = AccentColor;
				CODE_SIGN_STYLE = Automatic;
				CURRENT_PROJECT_VERSION = 1;
				DEVELOPMENT_TEAM = Q6GV8W7SV8;
				GENERATE_INFOPLIST_FILE = YES;
				INFOPLIST_FILE = PostsProject/Info.plist;
				INFOPLIST_KEY_UIApplicationSupportsIndirectInputEvents = YES;
				INFOPLIST_KEY_UILaunchStoryboardName = LaunchScreen;
				INFOPLIST_KEY_UIMainStoryboardFile = Main;
				INFOPLIST_KEY_UISupportedInterfaceOrientations = UIInterfaceOrientationPortrait;
				LD_RUNPATH_SEARCH_PATHS = (
					"$(inherited)",
					"@executable_path/Frameworks",
				);
				MARKETING_VERSION = 1.0;
				PRODUCT_BUNDLE_IDENTIFIER = PostsProject.PostsProject;
				PRODUCT_NAME = "$(TARGET_NAME)";
				SWIFT_EMIT_LOC_STRINGS = YES;
				SWIFT_VERSION = 5.0;
				TARGETED_DEVICE_FAMILY = "1,2";
			};
			name = Debug;
		};
		6833509E2AA1171000A2DD96 /* Release */ = {
			isa = XCBuildConfiguration;
			baseConfigurationReference = 70848512294D11595E4CB433 /* Pods-PostsProject.release.xcconfig */;
			buildSettings = {
				ASSETCATALOG_COMPILER_APPICON_NAME = AppIcon;
				ASSETCATALOG_COMPILER_GLOBAL_ACCENT_COLOR_NAME = AccentColor;
				CODE_SIGN_STYLE = Automatic;
				CURRENT_PROJECT_VERSION = 1;
				DEVELOPMENT_TEAM = Q6GV8W7SV8;
				GENERATE_INFOPLIST_FILE = YES;
				INFOPLIST_FILE = PostsProject/Info.plist;
				INFOPLIST_KEY_UIApplicationSupportsIndirectInputEvents = YES;
				INFOPLIST_KEY_UILaunchStoryboardName = LaunchScreen;
				INFOPLIST_KEY_UIMainStoryboardFile = Main;
				INFOPLIST_KEY_UISupportedInterfaceOrientations = UIInterfaceOrientationPortrait;
				LD_RUNPATH_SEARCH_PATHS = (
					"$(inherited)",
					"@executable_path/Frameworks",
				);
				MARKETING_VERSION = 1.0;
				PRODUCT_BUNDLE_IDENTIFIER = PostsProject.PostsProject;
				PRODUCT_NAME = "$(TARGET_NAME)";
				SWIFT_EMIT_LOC_STRINGS = YES;
				SWIFT_VERSION = 5.0;
				TARGETED_DEVICE_FAMILY = "1,2";
			};
			name = Release;
		};
/* End XCBuildConfiguration section */

/* Begin XCConfigurationList section */
		683350832AA1170F00A2DD96 /* Build configuration list for PBXProject "PostsProject" */ = {
			isa = XCConfigurationList;
			buildConfigurations = (
				6833509A2AA1171000A2DD96 /* Debug */,
				6833509B2AA1171000A2DD96 /* Release */,
			);
			defaultConfigurationIsVisible = 0;
			defaultConfigurationName = Release;
		};
		6833509C2AA1171000A2DD96 /* Build configuration list for PBXNativeTarget "PostsProject" */ = {
			isa = XCConfigurationList;
			buildConfigurations = (
				6833509D2AA1171000A2DD96 /* Debug */,
				6833509E2AA1171000A2DD96 /* Release */,
			);
			defaultConfigurationIsVisible = 0;
			defaultConfigurationName = Release;
		};
/* End XCConfigurationList section */
	};
	rootObject = 683350802AA1170F00A2DD96 /* Project object */;
}
